
Microsoft Visual Studio Solution File, Format Version 12.00
# Visual Studio Version 17
VisualStudioVersion = 17.3.32825.248
MinimumVisualStudioVersion = 10.0.40219.1
Project("{FAE04EC0-301F-11D3-BF4B-00C04F79EFBC}") = "Pokemon", "Pokemon\Pokemon.csproj", "{809EB3D6-6B3E-4017-AD83-AE2E85528526}"
EndProject
Project("{FAE04EC0-301F-11D3-BF4B-00C04F79EFBC}") = "dominio", "dominio\dominio.csproj", "{4992217C-DB03-4141-B762-D21D40E30DCD}"
EndProject
Project("{FAE04EC0-301F-11D3-BF4B-00C04F79EFBC}") = "negocio", "negocio\negocio.csproj", "{A1F128BF-5441-44D4-B671-A9EB75E21D1B}"
EndProject
Global
	GlobalSection(SolutionConfigurationPlatforms) = preSolution
		Debug|Any CPU = Debug|Any CPU
		Release|Any CPU = Release|Any CPU
	EndGlobalSection
	GlobalSection(ProjectConfigurationPlatforms) = postSolution
		{809EB3D6-6B3E-4017-AD83-AE2E85528526}.Debug|Any CPU.ActiveCfg = Debug|Any CPU
		{809EB3D6-6B3E-4017-AD83-AE2E85528526}.Debug|Any CPU.Build.0 = Debug|Any CPU
		{809EB3D6-6B3E-4017-AD83-AE2E85528526}.Release|Any CPU.ActiveCfg = Release|Any CPU
		{809EB3D6-6B3E-4017-AD83-AE2E85528526}.Release|Any CPU.Build.0 = Release|Any CPU
		{4992217C-DB03-4141-B762-D21D40E30DCD}.Debug|Any CPU.ActiveCfg = Debug|Any CPU
		{4992217C-DB03-4141-B762-D21D40E30DCD}.Debug|Any CPU.Build.0 = Debug|Any CPU
		{4992217C-DB03-4141-B762-D21D40E30DCD}.Release|Any CPU.ActiveCfg = Release|Any CPU
		{4992217C-DB03-4141-B762-D21D40E30DCD}.Release|Any CPU.Build.0 = Release|Any CPU
		{A1F128BF-5441-44D4-B671-A9EB75E21D1B}.Debug|Any CPU.ActiveCfg = Debug|Any CPU
		{A1F128BF-5441-44D4-B671-A9EB75E21D1B}.Debug|Any CPU.Build.0 = Debug|Any CPU
		{A1F128BF-5441-44D4-B671-A9EB75E21D1B}.Release|Any CPU.ActiveCfg = Release|Any CPU
		{A1F128BF-5441-44D4-B671-A9EB75E21D1B}.Release|Any CPU.Build.0 = Release|Any CPU
	EndGlobalSection
	GlobalSection(SolutionProperties) = preSolution
		HideSolutionNode = FALSE
	EndGlobalSection
	GlobalSection(ExtensibilityGlobals) = postSolution
		SolutionGuid = {0AE5ED55-EEB9-4B14-9D6C-AACA314E00ED}
	EndGlobalSection
EndGlobal
